// !$*UTF8*$!
{
	archiveVersion = 1;
	classes = {
	};
	objectVersion = 54;
	objects = {

/* Begin PBXBuildFile section */
		3C274A4A26316D42000B943C /* date_Picker.swift in Sources */ = {isa = PBXBuildFile; fileRef = 3C274A4926316D42000B943C /* date_Picker.swift */; };
		3C4C2DA926283E0400570B96 /* chartTabVC.swift in Sources */ = {isa = PBXBuildFile; fileRef = 3C4C2DA826283E0400570B96 /* chartTabVC.swift */; };
		3C4C4DFA262FFB6B00C33143 /* analytics2.png in Resources */ = {isa = PBXBuildFile; fileRef = 3C4C4DF7262FFB6A00C33143 /* analytics2.png */; };
		3C4C4DFB262FFB6B00C33143 /* analytics.png in Resources */ = {isa = PBXBuildFile; fileRef = 3C4C4DF8262FFB6B00C33143 /* analytics.png */; };
		3C4C4DFC262FFB6B00C33143 /* cells.png in Resources */ = {isa = PBXBuildFile; fileRef = 3C4C4DF9262FFB6B00C33143 /* cells.png */; };
		3C4C4E02263001B100C33143 /* analytics2_32.png in Resources */ = {isa = PBXBuildFile; fileRef = 3C4C4DFF263001B000C33143 /* analytics2_32.png */; };
		3C4C4E03263001B100C33143 /* cells_32.png in Resources */ = {isa = PBXBuildFile; fileRef = 3C4C4E00263001B000C33143 /* cells_32.png */; };
		3C4C4E04263001B100C33143 /* analytics_32.png in Resources */ = {isa = PBXBuildFile; fileRef = 3C4C4E01263001B000C33143 /* analytics_32.png */; };
		3C4C4E092630026300C33143 /* cells_16.png in Resources */ = {isa = PBXBuildFile; fileRef = 3C4C4E062630026200C33143 /* cells_16.png */; };
		3C4C4E0A2630026300C33143 /* analytics2_16.png in Resources */ = {isa = PBXBuildFile; fileRef = 3C4C4E072630026200C33143 /* analytics2_16.png */; };
		3C4C4E0B2630026300C33143 /* analytics_16.png in Resources */ = {isa = PBXBuildFile; fileRef = 3C4C4E082630026200C33143 /* analytics_16.png */; };
		3C502C7A2601D8CE0013CF2D /* CollectionViewController_1.swift in Sources */ = {isa = PBXBuildFile; fileRef = 3C502C792601D8CE0013CF2D /* CollectionViewController_1.swift */; };
		3C570EC2263314230046C420 /* inv_VC.swift in Sources */ = {isa = PBXBuildFile; fileRef = 3C570EC1263314230046C420 /* inv_VC.swift */; };
		3C570EC526331A8A0046C420 /* inv_TableViewCell.swift in Sources */ = {isa = PBXBuildFile; fileRef = 3C570EC426331A8A0046C420 /* inv_TableViewCell.swift */; };
		3C63367C2602D64B003B8AD2 /* hi01.png in Resources */ = {isa = PBXBuildFile; fileRef = 3C63367B2602D64B003B8AD2 /* hi01.png */; };
		3C6336872602D688003B8AD2 /* hiAlertNew.png in Resources */ = {isa = PBXBuildFile; fileRef = 3C63367E2602D688003B8AD2 /* hiAlertNew.png */; };
		3C6336882602D688003B8AD2 /* hiGoodNew.png in Resources */ = {isa = PBXBuildFile; fileRef = 3C63367F2602D688003B8AD2 /* hiGoodNew.png */; };
		3C6336892602D688003B8AD2 /* hiSkip.png in Resources */ = {isa = PBXBuildFile; fileRef = 3C6336802602D688003B8AD2 /* hiSkip.png */; };
		3C63368A2602D688003B8AD2 /* hiErr.png in Resources */ = {isa = PBXBuildFile; fileRef = 3C6336812602D688003B8AD2 /* hiErr.png */; };
		3C63368B2602D688003B8AD2 /* hiGood.png in Resources */ = {isa = PBXBuildFile; fileRef = 3C6336822602D688003B8AD2 /* hiGood.png */; };
		3C63368C2602D688003B8AD2 /* hiSleep.PNG in Resources */ = {isa = PBXBuildFile; fileRef = 3C6336832602D688003B8AD2 /* hiSleep.PNG */; };
		3C63368D2602D688003B8AD2 /* hiBad.png in Resources */ = {isa = PBXBuildFile; fileRef = 3C6336842602D688003B8AD2 /* hiBad.png */; };
		3C63368E2602D688003B8AD2 /* hiAlert.png in Resources */ = {isa = PBXBuildFile; fileRef = 3C6336852602D688003B8AD2 /* hiAlert.png */; };
		3C63368F2602D688003B8AD2 /* hiBadNew.png in Resources */ = {isa = PBXBuildFile; fileRef = 3C6336862602D688003B8AD2 /* hiBadNew.png */; };
		3C94A32D2632ACA700C8CA82 /* para_VC.swift in Sources */ = {isa = PBXBuildFile; fileRef = 3C94A32C2632ACA700C8CA82 /* para_VC.swift */; };
		3C94A3302632B8C200C8CA82 /* para_TableViewCell.swift in Sources */ = {isa = PBXBuildFile; fileRef = 3C94A32F2632B8C100C8CA82 /* para_TableViewCell.swift */; };
		3C9D5BB325FB464E0088D26C /* mainTabVC.swift in Sources */ = {isa = PBXBuildFile; fileRef = 3C9D5BB225FB464E0088D26C /* mainTabVC.swift */; };
		3CB977E0262FC2E10084123C /* ErrorCode_SiteVC.swift in Sources */ = {isa = PBXBuildFile; fileRef = 3CB977DF262FC2E10084123C /* ErrorCode_SiteVC.swift */; };
		3CB977E4262FDA600084123C /* connect.png in Resources */ = {isa = PBXBuildFile; fileRef = 3CB977E2262FDA5F0084123C /* connect.png */; };
		3CB977E5262FDA600084123C /* disconnect.png in Resources */ = {isa = PBXBuildFile; fileRef = 3CB977E3262FDA600084123C /* disconnect.png */; };
		3CBA33AC25DF97F20087B92F /* AppDelegate.swift in Sources */ = {isa = PBXBuildFile; fileRef = 3CBA33AB25DF97F20087B92F /* AppDelegate.swift */; };
		3CBA33AE25DF97F20087B92F /* SceneDelegate.swift in Sources */ = {isa = PBXBuildFile; fileRef = 3CBA33AD25DF97F20087B92F /* SceneDelegate.swift */; };
		3CBA33B025DF97F20087B92F /* LoginVC.swift in Sources */ = {isa = PBXBuildFile; fileRef = 3CBA33AF25DF97F20087B92F /* LoginVC.swift */; };
		3CBA33B325DF97F20087B92F /* Main.storyboard in Resources */ = {isa = PBXBuildFile; fileRef = 3CBA33B125DF97F20087B92F /* Main.storyboard */; };
		3CBA33B525DF97F70087B92F /* Assets.xcassets in Resources */ = {isa = PBXBuildFile; fileRef = 3CBA33B425DF97F70087B92F /* Assets.xcassets */; };
		3CBA33B825DF97F70087B92F /* LaunchScreen.storyboard in Resources */ = {isa = PBXBuildFile; fileRef = 3CBA33B625DF97F70087B92F /* LaunchScreen.storyboard */; };
		3CBFEBEB26311903008692A6 /* String_SiteVC.swift in Sources */ = {isa = PBXBuildFile; fileRef = 3CBFEBEA26311903008692A6 /* String_SiteVC.swift */; };
		3CC6C5E82609DEB3008457F6 /* CollectionViewController_2.swift in Sources */ = {isa = PBXBuildFile; fileRef = 3CC6C5E72609DEB3008457F6 /* CollectionViewController_2.swift */; };
		3CC6C5EB2609E666008457F6 /* CollectionViewController_3.swift in Sources */ = {isa = PBXBuildFile; fileRef = 3CC6C5EA2609E666008457F6 /* CollectionViewController_3.swift */; };
		3CE3671625EF6DF300985C76 /* apple-icon-180x180.png in Resources */ = {isa = PBXBuildFile; fileRef = 3CE3671425EF6DF200985C76 /* apple-icon-180x180.png */; };
		3CE3671725EF6DF300985C76 /* apple-icon-152x152.png in Resources */ = {isa = PBXBuildFile; fileRef = 3CE3671525EF6DF200985C76 /* apple-icon-152x152.png */; };
		3CE79EFA2626CC8A00AA4A50 /* Chart_SiteVC.swift in Sources */ = {isa = PBXBuildFile; fileRef = 3CE79EF92626CC8A00AA4A50 /* Chart_SiteVC.swift */; };
		C21993222B3EA3A6001C182A /* AAChartView.swift in Sources */ = {isa = PBXBuildFile; fileRef = C21992FA2B3EA3A6001C182A /* AAChartView.swift */; };
		C21993232B3EA3A6001C182A /* AAChartModel.swift in Sources */ = {isa = PBXBuildFile; fileRef = C21992FB2B3EA3A6001C182A /* AAChartModel.swift */; };
		C21993242B3EA3A6001C182A /* AAOptions.swift in Sources */ = {isa = PBXBuildFile; fileRef = C21992FC2B3EA3A6001C182A /* AAOptions.swift */; };
		C21993252B3EA3A6001C182A /* AASerializable.swift in Sources */ = {isa = PBXBuildFile; fileRef = C21992FD2B3EA3A6001C182A /* AASerializable.swift */; };
		C21993262B3EA3A6001C182A /* AASeriesElement.swift in Sources */ = {isa = PBXBuildFile; fileRef = C21992FE2B3EA3A6001C182A /* AASeriesElement.swift */; };
		C21993272B3EA3A6001C182A /* ProjectBundlePathLoader.swift in Sources */ = {isa = PBXBuildFile; fileRef = C21992FF2B3EA3A6001C182A /* ProjectBundlePathLoader.swift */; };
		C21993282B3EA3A6001C182A /* AAJSFiles.bundle in Resources */ = {isa = PBXBuildFile; fileRef = C21993002B3EA3A6001C182A /* AAJSFiles.bundle */; };
		C21993292B3EA3A6001C182A /* AAColor.swift in Sources */ = {isa = PBXBuildFile; fileRef = C21993022B3EA3A6001C182A /* AAColor.swift */; };
		C219932A2B3EA3A6001C182A /* AAGradientColor.swift in Sources */ = {isa = PBXBuildFile; fileRef = C21993032B3EA3A6001C182A /* AAGradientColor.swift */; };
		C219932B2B3EA3A6001C182A /* AAExtension.swift in Sources */ = {isa = PBXBuildFile; fileRef = C21993042B3EA3A6001C182A /* AAExtension.swift */; };
		C219932C2B3EA3A6001C182A /* AASubtitle.swift in Sources */ = {isa = PBXBuildFile; fileRef = C21993062B3EA3A6001C182A /* AASubtitle.swift */; };
		C219932D2B3EA3A6001C182A /* AAPie.swift in Sources */ = {isa = PBXBuildFile; fileRef = C21993072B3EA3A6001C182A /* AAPie.swift */; };
		C219932E2B3EA3A6001C182A /* AAStates.swift in Sources */ = {isa = PBXBuildFile; fileRef = C21993082B3EA3A6001C182A /* AAStates.swift */; };
		C219932F2B3EA3A6001C182A /* AABoxplot.swift in Sources */ = {isa = PBXBuildFile; fileRef = C21993092B3EA3A6001C182A /* AABoxplot.swift */; };
		C21993302B3EA3A6001C182A /* AALang.swift in Sources */ = {isa = PBXBuildFile; fileRef = C219930A2B3EA3A6001C182A /* AALang.swift */; };
		C21993312B3EA3A6001C182A /* AALabel.swift in Sources */ = {isa = PBXBuildFile; fileRef = C219930B2B3EA3A6001C182A /* AALabel.swift */; };
		C21993322B3EA3A6001C182A /* AALabels.swift in Sources */ = {isa = PBXBuildFile; fileRef = C219930C2B3EA3A6001C182A /* AALabels.swift */; };
		C21993332B3EA3A6001C182A /* AAColumn.swift in Sources */ = {isa = PBXBuildFile; fileRef = C219930D2B3EA3A6001C182A /* AAColumn.swift */; };
		C21993342B3EA3A6001C182A /* AAMarker.swift in Sources */ = {isa = PBXBuildFile; fileRef = C219930E2B3EA3A6001C182A /* AAMarker.swift */; };
		C21993352B3EA3A6001C182A /* AAAnimation.swift in Sources */ = {isa = PBXBuildFile; fileRef = C219930F2B3EA3A6001C182A /* AAAnimation.swift */; };
		C21993362B3EA3A6001C182A /* AAPlotOptions.swift in Sources */ = {isa = PBXBuildFile; fileRef = C21993102B3EA3A6001C182A /* AAPlotOptions.swift */; };
		C21993372B3EA3A6001C182A /* AAScatter.swift in Sources */ = {isa = PBXBuildFile; fileRef = C21993112B3EA3A6001C182A /* AAScatter.swift */; };
		C21993382B3EA3A6001C182A /* AAPlotLinesElement.swift in Sources */ = {isa = PBXBuildFile; fileRef = C21993122B3EA3A6001C182A /* AAPlotLinesElement.swift */; };
		C21993392B3EA3A6001C182A /* AAScrollablePlotArea.swift in Sources */ = {isa = PBXBuildFile; fileRef = C21993132B3EA3A6001C182A /* AAScrollablePlotArea.swift */; };
		C219933A2B3EA3A6001C182A /* AALegend.swift in Sources */ = {isa = PBXBuildFile; fileRef = C21993142B3EA3A6001C182A /* AALegend.swift */; };
		C219933B2B3EA3A6001C182A /* AAPane.swift in Sources */ = {isa = PBXBuildFile; fileRef = C21993152B3EA3A6001C182A /* AAPane.swift */; };
		C219933C2B3EA3A6001C182A /* AAStyle.swift in Sources */ = {isa = PBXBuildFile; fileRef = C21993162B3EA3A6001C182A /* AAStyle.swift */; };
		C219933D2B3EA3A6001C182A /* AADataLabels.swift in Sources */ = {isa = PBXBuildFile; fileRef = C21993172B3EA3A6001C182A /* AADataLabels.swift */; };
		C219933E2B3EA3A6001C182A /* AAChart.swift in Sources */ = {isa = PBXBuildFile; fileRef = C21993182B3EA3A6001C182A /* AAChart.swift */; };
		C219933F2B3EA3A6001C182A /* AATitle.swift in Sources */ = {isa = PBXBuildFile; fileRef = C21993192B3EA3A6001C182A /* AATitle.swift */; };
		C21993402B3EA3A6001C182A /* AAYAxis.swift in Sources */ = {isa = PBXBuildFile; fileRef = C219931A2B3EA3A6001C182A /* AAYAxis.swift */; };
		C21993412B3EA3A6001C182A /* AACredits.swift in Sources */ = {isa = PBXBuildFile; fileRef = C219931B2B3EA3A6001C182A /* AACredits.swift */; };
		C21993422B3EA3A6001C182A /* AATooltip.swift in Sources */ = {isa = PBXBuildFile; fileRef = C219931C2B3EA3A6001C182A /* AATooltip.swift */; };
		C21993432B3EA3A6001C182A /* AAPlotBandsElement.swift in Sources */ = {isa = PBXBuildFile; fileRef = C219931D2B3EA3A6001C182A /* AAPlotBandsElement.swift */; };
		C21993442B3EA3A6001C182A /* AASeries.swift in Sources */ = {isa = PBXBuildFile; fileRef = C219931E2B3EA3A6001C182A /* AASeries.swift */; };
		C21993452B3EA3A6001C182A /* AAXAxis.swift in Sources */ = {isa = PBXBuildFile; fileRef = C219931F2B3EA3A6001C182A /* AAXAxis.swift */; };
		C21993462B3EA3A6001C182A /* AACrosshair.swift in Sources */ = {isa = PBXBuildFile; fileRef = C21993202B3EA3A6001C182A /* AACrosshair.swift */; };
		C21993472B3EA3A6001C182A /* AAAxis.swift in Sources */ = {isa = PBXBuildFile; fileRef = C21993212B3EA3A6001C182A /* AAAxis.swift */; };
/* End PBXBuildFile section */

/* Begin PBXFileReference section */
		3C274A4926316D42000B943C /* date_Picker.swift */ = {isa = PBXFileReference; lastKnownFileType = sourcecode.swift; path = date_Picker.swift; sourceTree = "<group>"; };
		3C4C2DA826283E0400570B96 /* chartTabVC.swift */ = {isa = PBXFileReference; lastKnownFileType = sourcecode.swift; path = chartTabVC.swift; sourceTree = "<group>"; };
		3C4C4DF7262FFB6A00C33143 /* analytics2.png */ = {isa = PBXFileReference; lastKnownFileType = image.png; path = analytics2.png; sourceTree = "<group>"; };
		3C4C4DF8262FFB6B00C33143 /* analytics.png */ = {isa = PBXFileReference; lastKnownFileType = image.png; path = analytics.png; sourceTree = "<group>"; };
		3C4C4DF9262FFB6B00C33143 /* cells.png */ = {isa = PBXFileReference; lastKnownFileType = image.png; path = cells.png; sourceTree = "<group>"; };
		3C4C4DFF263001B000C33143 /* analytics2_32.png */ = {isa = PBXFileReference; lastKnownFileType = image.png; path = analytics2_32.png; sourceTree = "<group>"; };
		3C4C4E00263001B000C33143 /* cells_32.png */ = {isa = PBXFileReference; lastKnownFileType = image.png; path = cells_32.png; sourceTree = "<group>"; };
		3C4C4E01263001B000C33143 /* analytics_32.png */ = {isa = PBXFileReference; lastKnownFileType = image.png; path = analytics_32.png; sourceTree = "<group>"; };
		3C4C4E062630026200C33143 /* cells_16.png */ = {isa = PBXFileReference; lastKnownFileType = image.png; path = cells_16.png; sourceTree = "<group>"; };
		3C4C4E072630026200C33143 /* analytics2_16.png */ = {isa = PBXFileReference; lastKnownFileType = image.png; path = analytics2_16.png; sourceTree = "<group>"; };
		3C4C4E082630026200C33143 /* analytics_16.png */ = {isa = PBXFileReference; lastKnownFileType = image.png; path = analytics_16.png; sourceTree = "<group>"; };
		3C502C792601D8CE0013CF2D /* CollectionViewController_1.swift */ = {isa = PBXFileReference; lastKnownFileType = sourcecode.swift; path = CollectionViewController_1.swift; sourceTree = "<group>"; };
		3C570EC1263314230046C420 /* inv_VC.swift */ = {isa = PBXFileReference; lastKnownFileType = sourcecode.swift; path = inv_VC.swift; sourceTree = "<group>"; };
		3C570EC426331A8A0046C420 /* inv_TableViewCell.swift */ = {isa = PBXFileReference; lastKnownFileType = sourcecode.swift; path = inv_TableViewCell.swift; sourceTree = "<group>"; };
		3C63367B2602D64B003B8AD2 /* hi01.png */ = {isa = PBXFileReference; lastKnownFileType = image.png; path = hi01.png; sourceTree = "<group>"; };
		3C63367E2602D688003B8AD2 /* hiAlertNew.png */ = {isa = PBXFileReference; lastKnownFileType = image.png; path = hiAlertNew.png; sourceTree = "<group>"; };
		3C63367F2602D688003B8AD2 /* hiGoodNew.png */ = {isa = PBXFileReference; lastKnownFileType = image.png; path = hiGoodNew.png; sourceTree = "<group>"; };
		3C6336802602D688003B8AD2 /* hiSkip.png */ = {isa = PBXFileReference; lastKnownFileType = image.png; path = hiSkip.png; sourceTree = "<group>"; };
		3C6336812602D688003B8AD2 /* hiErr.png */ = {isa = PBXFileReference; lastKnownFileType = image.png; path = hiErr.png; sourceTree = "<group>"; };
		3C6336822602D688003B8AD2 /* hiGood.png */ = {isa = PBXFileReference; lastKnownFileType = image.png; path = hiGood.png; sourceTree = "<group>"; };
		3C6336832602D688003B8AD2 /* hiSleep.PNG */ = {isa = PBXFileReference; lastKnownFileType = image.png; path = hiSleep.PNG; sourceTree = "<group>"; };
		3C6336842602D688003B8AD2 /* hiBad.png */ = {isa = PBXFileReference; lastKnownFileType = image.png; path = hiBad.png; sourceTree = "<group>"; };
		3C6336852602D688003B8AD2 /* hiAlert.png */ = {isa = PBXFileReference; lastKnownFileType = image.png; path = hiAlert.png; sourceTree = "<group>"; };
		3C6336862602D688003B8AD2 /* hiBadNew.png */ = {isa = PBXFileReference; lastKnownFileType = image.png; path = hiBadNew.png; sourceTree = "<group>"; };
		3C94A32C2632ACA700C8CA82 /* para_VC.swift */ = {isa = PBXFileReference; lastKnownFileType = sourcecode.swift; path = para_VC.swift; sourceTree = "<group>"; };
		3C94A32F2632B8C100C8CA82 /* para_TableViewCell.swift */ = {isa = PBXFileReference; lastKnownFileType = sourcecode.swift; path = para_TableViewCell.swift; sourceTree = "<group>"; };
		3C9D5BB225FB464E0088D26C /* mainTabVC.swift */ = {isa = PBXFileReference; lastKnownFileType = sourcecode.swift; path = mainTabVC.swift; sourceTree = "<group>"; };
		3CB977DF262FC2E10084123C /* ErrorCode_SiteVC.swift */ = {isa = PBXFileReference; lastKnownFileType = sourcecode.swift; path = ErrorCode_SiteVC.swift; sourceTree = "<group>"; };
		3CB977E2262FDA5F0084123C /* connect.png */ = {isa = PBXFileReference; lastKnownFileType = image.png; path = connect.png; sourceTree = "<group>"; };
		3CB977E3262FDA600084123C /* disconnect.png */ = {isa = PBXFileReference; lastKnownFileType = image.png; path = disconnect.png; sourceTree = "<group>"; };
		3CBA33A825DF97F20087B92F /* i-Inverter.app */ = {isa = PBXFileReference; explicitFileType = wrapper.application; includeInIndex = 0; path = "i-Inverter.app"; sourceTree = BUILT_PRODUCTS_DIR; };
		3CBA33AB25DF97F20087B92F /* AppDelegate.swift */ = {isa = PBXFileReference; lastKnownFileType = sourcecode.swift; path = AppDelegate.swift; sourceTree = "<group>"; };
		3CBA33AD25DF97F20087B92F /* SceneDelegate.swift */ = {isa = PBXFileReference; lastKnownFileType = sourcecode.swift; path = SceneDelegate.swift; sourceTree = "<group>"; };
		3CBA33AF25DF97F20087B92F /* LoginVC.swift */ = {isa = PBXFileReference; lastKnownFileType = sourcecode.swift; path = LoginVC.swift; sourceTree = "<group>"; };
		3CBA33B225DF97F20087B92F /* Base */ = {isa = PBXFileReference; lastKnownFileType = file.storyboard; name = Base; path = Base.lproj/Main.storyboard; sourceTree = "<group>"; };
		3CBA33B425DF97F70087B92F /* Assets.xcassets */ = {isa = PBXFileReference; lastKnownFileType = folder.assetcatalog; path = Assets.xcassets; sourceTree = "<group>"; };
		3CBA33B725DF97F70087B92F /* Base */ = {isa = PBXFileReference; lastKnownFileType = file.storyboard; name = Base; path = Base.lproj/LaunchScreen.storyboard; sourceTree = "<group>"; };
		3CBA33B925DF97F70087B92F /* Info.plist */ = {isa = PBXFileReference; lastKnownFileType = text.plist.xml; path = Info.plist; sourceTree = "<group>"; };
		3CBFEBEA26311903008692A6 /* String_SiteVC.swift */ = {isa = PBXFileReference; lastKnownFileType = sourcecode.swift; path = String_SiteVC.swift; sourceTree = "<group>"; };
		3CC6C5E72609DEB3008457F6 /* CollectionViewController_2.swift */ = {isa = PBXFileReference; lastKnownFileType = sourcecode.swift; path = CollectionViewController_2.swift; sourceTree = "<group>"; };
		3CC6C5EA2609E666008457F6 /* CollectionViewController_3.swift */ = {isa = PBXFileReference; lastKnownFileType = sourcecode.swift; path = CollectionViewController_3.swift; sourceTree = "<group>"; };
		3CE3671425EF6DF200985C76 /* apple-icon-180x180.png */ = {isa = PBXFileReference; lastKnownFileType = image.png; path = "apple-icon-180x180.png"; sourceTree = "<group>"; };
		3CE3671525EF6DF200985C76 /* apple-icon-152x152.png */ = {isa = PBXFileReference; lastKnownFileType = image.png; path = "apple-icon-152x152.png"; sourceTree = "<group>"; };
		3CE79EF92626CC8A00AA4A50 /* Chart_SiteVC.swift */ = {isa = PBXFileReference; lastKnownFileType = sourcecode.swift; path = Chart_SiteVC.swift; sourceTree = "<group>"; };
		C21992FA2B3EA3A6001C182A /* AAChartView.swift */ = {isa = PBXFileReference; fileEncoding = 4; lastKnownFileType = sourcecode.swift; path = AAChartView.swift; sourceTree = "<group>"; };
		C21992FB2B3EA3A6001C182A /* AAChartModel.swift */ = {isa = PBXFileReference; fileEncoding = 4; lastKnownFileType = sourcecode.swift; path = AAChartModel.swift; sourceTree = "<group>"; };
		C21992FC2B3EA3A6001C182A /* AAOptions.swift */ = {isa = PBXFileReference; fileEncoding = 4; lastKnownFileType = sourcecode.swift; path = AAOptions.swift; sourceTree = "<group>"; };
		C21992FD2B3EA3A6001C182A /* AASerializable.swift */ = {isa = PBXFileReference; fileEncoding = 4; lastKnownFileType = sourcecode.swift; path = AASerializable.swift; sourceTree = "<group>"; };
		C21992FE2B3EA3A6001C182A /* AASeriesElement.swift */ = {isa = PBXFileReference; fileEncoding = 4; lastKnownFileType = sourcecode.swift; path = AASeriesElement.swift; sourceTree = "<group>"; };
		C21992FF2B3EA3A6001C182A /* ProjectBundlePathLoader.swift */ = {isa = PBXFileReference; fileEncoding = 4; lastKnownFileType = sourcecode.swift; path = ProjectBundlePathLoader.swift; sourceTree = "<group>"; };
		C21993002B3EA3A6001C182A /* AAJSFiles.bundle */ = {isa = PBXFileReference; lastKnownFileType = "wrapper.plug-in"; path = AAJSFiles.bundle; sourceTree = "<group>"; };
		C21993022B3EA3A6001C182A /* AAColor.swift */ = {isa = PBXFileReference; fileEncoding = 4; lastKnownFileType = sourcecode.swift; path = AAColor.swift; sourceTree = "<group>"; };
		C21993032B3EA3A6001C182A /* AAGradientColor.swift */ = {isa = PBXFileReference; fileEncoding = 4; lastKnownFileType = sourcecode.swift; path = AAGradientColor.swift; sourceTree = "<group>"; };
		C21993042B3EA3A6001C182A /* AAExtension.swift */ = {isa = PBXFileReference; fileEncoding = 4; lastKnownFileType = sourcecode.swift; path = AAExtension.swift; sourceTree = "<group>"; };
		C21993062B3EA3A6001C182A /* AASubtitle.swift */ = {isa = PBXFileReference; fileEncoding = 4; lastKnownFileType = sourcecode.swift; path = AASubtitle.swift; sourceTree = "<group>"; };
		C21993072B3EA3A6001C182A /* AAPie.swift */ = {isa = PBXFileReference; fileEncoding = 4; lastKnownFileType = sourcecode.swift; path = AAPie.swift; sourceTree = "<group>"; };
		C21993082B3EA3A6001C182A /* AAStates.swift */ = {isa = PBXFileReference; fileEncoding = 4; lastKnownFileType = sourcecode.swift; path = AAStates.swift; sourceTree = "<group>"; };
		C21993092B3EA3A6001C182A /* AABoxplot.swift */ = {isa = PBXFileReference; fileEncoding = 4; lastKnownFileType = sourcecode.swift; path = AABoxplot.swift; sourceTree = "<group>"; };
		C219930A2B3EA3A6001C182A /* AALang.swift */ = {isa = PBXFileReference; fileEncoding = 4; lastKnownFileType = sourcecode.swift; path = AALang.swift; sourceTree = "<group>"; };
		C219930B2B3EA3A6001C182A /* AALabel.swift */ = {isa = PBXFileReference; fileEncoding = 4; lastKnownFileType = sourcecode.swift; path = AALabel.swift; sourceTree = "<group>"; };
		C219930C2B3EA3A6001C182A /* AALabels.swift */ = {isa = PBXFileReference; fileEncoding = 4; lastKnownFileType = sourcecode.swift; path = AALabels.swift; sourceTree = "<group>"; };
		C219930D2B3EA3A6001C182A /* AAColumn.swift */ = {isa = PBXFileReference; fileEncoding = 4; lastKnownFileType = sourcecode.swift; path = AAColumn.swift; sourceTree = "<group>"; };
		C219930E2B3EA3A6001C182A /* AAMarker.swift */ = {isa = PBXFileReference; fileEncoding = 4; lastKnownFileType = sourcecode.swift; path = AAMarker.swift; sourceTree = "<group>"; };
		C219930F2B3EA3A6001C182A /* AAAnimation.swift */ = {isa = PBXFileReference; fileEncoding = 4; lastKnownFileType = sourcecode.swift; path = AAAnimation.swift; sourceTree = "<group>"; };
		C21993102B3EA3A6001C182A /* AAPlotOptions.swift */ = {isa = PBXFileReference; fileEncoding = 4; lastKnownFileType = sourcecode.swift; path = AAPlotOptions.swift; sourceTree = "<group>"; };
		C21993112B3EA3A6001C182A /* AAScatter.swift */ = {isa = PBXFileReference; fileEncoding = 4; lastKnownFileType = sourcecode.swift; path = AAScatter.swift; sourceTree = "<group>"; };
		C21993122B3EA3A6001C182A /* AAPlotLinesElement.swift */ = {isa = PBXFileReference; fileEncoding = 4; lastKnownFileType = sourcecode.swift; path = AAPlotLinesElement.swift; sourceTree = "<group>"; };
		C21993132B3EA3A6001C182A /* AAScrollablePlotArea.swift */ = {isa = PBXFileReference; fileEncoding = 4; lastKnownFileType = sourcecode.swift; path = AAScrollablePlotArea.swift; sourceTree = "<group>"; };
		C21993142B3EA3A6001C182A /* AALegend.swift */ = {isa = PBXFileReference; fileEncoding = 4; lastKnownFileType = sourcecode.swift; path = AALegend.swift; sourceTree = "<group>"; };
		C21993152B3EA3A6001C182A /* AAPane.swift */ = {isa = PBXFileReference; fileEncoding = 4; lastKnownFileType = sourcecode.swift; path = AAPane.swift; sourceTree = "<group>"; };
		C21993162B3EA3A6001C182A /* AAStyle.swift */ = {isa = PBXFileReference; fileEncoding = 4; lastKnownFileType = sourcecode.swift; path = AAStyle.swift; sourceTree = "<group>"; };
		C21993172B3EA3A6001C182A /* AADataLabels.swift */ = {isa = PBXFileReference; fileEncoding = 4; lastKnownFileType = sourcecode.swift; path = AADataLabels.swift; sourceTree = "<group>"; };
		C21993182B3EA3A6001C182A /* AAChart.swift */ = {isa = PBXFileReference; fileEncoding = 4; lastKnownFileType = sourcecode.swift; path = AAChart.swift; sourceTree = "<group>"; };
		C21993192B3EA3A6001C182A /* AATitle.swift */ = {isa = PBXFileReference; fileEncoding = 4; lastKnownFileType = sourcecode.swift; path = AATitle.swift; sourceTree = "<group>"; };
		C219931A2B3EA3A6001C182A /* AAYAxis.swift */ = {isa = PBXFileReference; fileEncoding = 4; lastKnownFileType = sourcecode.swift; path = AAYAxis.swift; sourceTree = "<group>"; };
		C219931B2B3EA3A6001C182A /* AACredits.swift */ = {isa = PBXFileReference; fileEncoding = 4; lastKnownFileType = sourcecode.swift; path = AACredits.swift; sourceTree = "<group>"; };
		C219931C2B3EA3A6001C182A /* AATooltip.swift */ = {isa = PBXFileReference; fileEncoding = 4; lastKnownFileType = sourcecode.swift; path = AATooltip.swift; sourceTree = "<group>"; };
		C219931D2B3EA3A6001C182A /* AAPlotBandsElement.swift */ = {isa = PBXFileReference; fileEncoding = 4; lastKnownFileType = sourcecode.swift; path = AAPlotBandsElement.swift; sourceTree = "<group>"; };
		C219931E2B3EA3A6001C182A /* AASeries.swift */ = {isa = PBXFileReference; fileEncoding = 4; lastKnownFileType = sourcecode.swift; path = AASeries.swift; sourceTree = "<group>"; };
		C219931F2B3EA3A6001C182A /* AAXAxis.swift */ = {isa = PBXFileReference; fileEncoding = 4; lastKnownFileType = sourcecode.swift; path = AAXAxis.swift; sourceTree = "<group>"; };
		C21993202B3EA3A6001C182A /* AACrosshair.swift */ = {isa = PBXFileReference; fileEncoding = 4; lastKnownFileType = sourcecode.swift; path = AACrosshair.swift; sourceTree = "<group>"; };
		C21993212B3EA3A6001C182A /* AAAxis.swift */ = {isa = PBXFileReference; fileEncoding = 4; lastKnownFileType = sourcecode.swift; path = AAAxis.swift; sourceTree = "<group>"; };
/* End PBXFileReference section */

/* Begin PBXFrameworksBuildPhase section */
		3CBA33A525DF97F20087B92F /* Frameworks */ = {
			isa = PBXFrameworksBuildPhase;
			buildActionMask = 2147483647;
			files = (
			);
			runOnlyForDeploymentPostprocessing = 0;
		};
/* End PBXFrameworksBuildPhase section */

/* Begin PBXGroup section */
		3CBA339F25DF97F20087B92F = {
			isa = PBXGroup;
			children = (
				C21992F82B3EA3A6001C182A /* AAInfographics */,
				3C4C4E082630026200C33143 /* analytics_16.png */,
				3C4C4E072630026200C33143 /* analytics2_16.png */,
				3C4C4E062630026200C33143 /* cells_16.png */,
				3C4C4E01263001B000C33143 /* analytics_32.png */,
				3C4C4DFF263001B000C33143 /* analytics2_32.png */,
				3C4C4E00263001B000C33143 /* cells_32.png */,
				3C4C4DF8262FFB6B00C33143 /* analytics.png */,
				3C4C4DF7262FFB6A00C33143 /* analytics2.png */,
				3CB977E2262FDA5F0084123C /* connect.png */,
				3CB977E3262FDA600084123C /* disconnect.png */,
				3C4C4DF9262FFB6B00C33143 /* cells.png */,
				3C63367B2602D64B003B8AD2 /* hi01.png */,
				3C6336852602D688003B8AD2 /* hiAlert.png */,
				3C63367E2602D688003B8AD2 /* hiAlertNew.png */,
				3C6336842602D688003B8AD2 /* hiBad.png */,
				3C6336862602D688003B8AD2 /* hiBadNew.png */,
				3C6336812602D688003B8AD2 /* hiErr.png */,
				3C6336822602D688003B8AD2 /* hiGood.png */,
				3C63367F2602D688003B8AD2 /* hiGoodNew.png */,
				3C6336802602D688003B8AD2 /* hiSkip.png */,
				3C6336832602D688003B8AD2 /* hiSleep.PNG */,
				3CE3671525EF6DF200985C76 /* apple-icon-152x152.png */,
				3CE3671425EF6DF200985C76 /* apple-icon-180x180.png */,
				3CBA33AA25DF97F20087B92F /* i-Inverter */,
				3CBA33A925DF97F20087B92F /* Products */,
			);
			sourceTree = "<group>";
		};
		3CBA33A925DF97F20087B92F /* Products */ = {
			isa = PBXGroup;
			children = (
				3CBA33A825DF97F20087B92F /* i-Inverter.app */,
			);
			name = Products;
			sourceTree = "<group>";
		};
		3CBA33AA25DF97F20087B92F /* i-Inverter */ = {
			isa = PBXGroup;
			children = (
				3CBA33AB25DF97F20087B92F /* AppDelegate.swift */,
				3CBA33B425DF97F70087B92F /* Assets.xcassets */,
				3C502C792601D8CE0013CF2D /* CollectionViewController_1.swift */,
				3CC6C5E72609DEB3008457F6 /* CollectionViewController_2.swift */,
				3CC6C5EA2609E666008457F6 /* CollectionViewController_3.swift */,
				3CBA33B925DF97F70087B92F /* Info.plist */,
				3CBA33B625DF97F70087B92F /* LaunchScreen.storyboard */,
				3CBA33AF25DF97F20087B92F /* LoginVC.swift */,
				3CBA33B125DF97F20087B92F /* Main.storyboard */,
				3C9D5BB225FB464E0088D26C /* mainTabVC.swift */,
				3C4C2DA826283E0400570B96 /* chartTabVC.swift */,
				3CBA33AD25DF97F20087B92F /* SceneDelegate.swift */,
				3CE79EF92626CC8A00AA4A50 /* Chart_SiteVC.swift */,
				3CB977DF262FC2E10084123C /* ErrorCode_SiteVC.swift */,
				3CBFEBEA26311903008692A6 /* String_SiteVC.swift */,
				3C274A4926316D42000B943C /* date_Picker.swift */,
				3C94A32C2632ACA700C8CA82 /* para_VC.swift */,
				3C94A32F2632B8C100C8CA82 /* para_TableViewCell.swift */,
				3C570EC1263314230046C420 /* inv_VC.swift */,
				3C570EC426331A8A0046C420 /* inv_TableViewCell.swift */,
			);
			path = "i-Inverter";
			sourceTree = "<group>";
		};
		C21992F82B3EA3A6001C182A /* AAInfographics */ = {
			isa = PBXGroup;
			children = (
				C21992F92B3EA3A6001C182A /* AAChartCreator */,
				C21992FF2B3EA3A6001C182A /* ProjectBundlePathLoader.swift */,
				C21993002B3EA3A6001C182A /* AAJSFiles.bundle */,
				C21993012B3EA3A6001C182A /* AATool */,
				C21993052B3EA3A6001C182A /* AAOptionsModel */,
			);
			path = AAInfographics;
			sourceTree = "<group>";
		};
		C21992F92B3EA3A6001C182A /* AAChartCreator */ = {
			isa = PBXGroup;
			children = (
				C21992FA2B3EA3A6001C182A /* AAChartView.swift */,
				C21992FB2B3EA3A6001C182A /* AAChartModel.swift */,
				C21992FC2B3EA3A6001C182A /* AAOptions.swift */,
				C21992FD2B3EA3A6001C182A /* AASerializable.swift */,
				C21992FE2B3EA3A6001C182A /* AASeriesElement.swift */,
			);
			path = AAChartCreator;
			sourceTree = "<group>";
		};
		C21993012B3EA3A6001C182A /* AATool */ = {
			isa = PBXGroup;
			children = (
				C21993022B3EA3A6001C182A /* AAColor.swift */,
				C21993032B3EA3A6001C182A /* AAGradientColor.swift */,
				C21993042B3EA3A6001C182A /* AAExtension.swift */,
			);
			path = AATool;
			sourceTree = "<group>";
		};
		C21993052B3EA3A6001C182A /* AAOptionsModel */ = {
			isa = PBXGroup;
			children = (
				C21993062B3EA3A6001C182A /* AASubtitle.swift */,
				C21993072B3EA3A6001C182A /* AAPie.swift */,
				C21993082B3EA3A6001C182A /* AAStates.swift */,
				C21993092B3EA3A6001C182A /* AABoxplot.swift */,
				C219930A2B3EA3A6001C182A /* AALang.swift */,
				C219930B2B3EA3A6001C182A /* AALabel.swift */,
				C219930C2B3EA3A6001C182A /* AALabels.swift */,
				C219930D2B3EA3A6001C182A /* AAColumn.swift */,
				C219930E2B3EA3A6001C182A /* AAMarker.swift */,
				C219930F2B3EA3A6001C182A /* AAAnimation.swift */,
				C21993102B3EA3A6001C182A /* AAPlotOptions.swift */,
				C21993112B3EA3A6001C182A /* AAScatter.swift */,
				C21993122B3EA3A6001C182A /* AAPlotLinesElement.swift */,
				C21993132B3EA3A6001C182A /* AAScrollablePlotArea.swift */,
				C21993142B3EA3A6001C182A /* AALegend.swift */,
				C21993152B3EA3A6001C182A /* AAPane.swift */,
				C21993162B3EA3A6001C182A /* AAStyle.swift */,
				C21993172B3EA3A6001C182A /* AADataLabels.swift */,
				C21993182B3EA3A6001C182A /* AAChart.swift */,
				C21993192B3EA3A6001C182A /* AATitle.swift */,
				C219931A2B3EA3A6001C182A /* AAYAxis.swift */,
				C219931B2B3EA3A6001C182A /* AACredits.swift */,
				C219931C2B3EA3A6001C182A /* AATooltip.swift */,
				C219931D2B3EA3A6001C182A /* AAPlotBandsElement.swift */,
				C219931E2B3EA3A6001C182A /* AASeries.swift */,
				C219931F2B3EA3A6001C182A /* AAXAxis.swift */,
				C21993202B3EA3A6001C182A /* AACrosshair.swift */,
				C21993212B3EA3A6001C182A /* AAAxis.swift */,
			);
			path = AAOptionsModel;
			sourceTree = "<group>";
		};
/* End PBXGroup section */

/* Begin PBXNativeTarget section */
		3CBA33A725DF97F20087B92F /* i-Inverter */ = {
			isa = PBXNativeTarget;
			buildConfigurationList = 3CBA33BC25DF97F70087B92F /* Build configuration list for PBXNativeTarget "i-Inverter" */;
			buildPhases = (
				3CBA33A425DF97F20087B92F /* Sources */,
				3CBA33A525DF97F20087B92F /* Frameworks */,
				3CBA33A625DF97F20087B92F /* Resources */,
			);
			buildRules = (
			);
			dependencies = (
			);
			name = "i-Inverter";
			productName = "i-Inverter";
			productReference = 3CBA33A825DF97F20087B92F /* i-Inverter.app */;
			productType = "com.apple.product-type.application";
		};
/* End PBXNativeTarget section */

/* Begin PBXProject section */
		3CBA33A025DF97F20087B92F /* Project object */ = {
			isa = PBXProject;
			attributes = {
				BuildIndependentTargetsInParallel = YES;
				LastSwiftUpdateCheck = 1240;
				LastUpgradeCheck = 1510;
				TargetAttributes = {
					3CBA33A725DF97F20087B92F = {
						CreatedOnToolsVersion = 12.4;
					};
				};
			};
			buildConfigurationList = 3CBA33A325DF97F20087B92F /* Build configuration list for PBXProject "i-Inverter" */;
			compatibilityVersion = "Xcode 9.3";
			developmentRegion = en;
			hasScannedForEncodings = 0;
			knownRegions = (
				en,
				Base,
			);
			mainGroup = 3CBA339F25DF97F20087B92F;
			productRefGroup = 3CBA33A925DF97F20087B92F /* Products */;
			projectDirPath = "";
			projectRoot = "";
			targets = (
				3CBA33A725DF97F20087B92F /* i-Inverter */,
			);
		};
/* End PBXProject section */

/* Begin PBXResourcesBuildPhase section */
		3CBA33A625DF97F20087B92F /* Resources */ = {
			isa = PBXResourcesBuildPhase;
			buildActionMask = 2147483647;
			files = (
				3C6336892602D688003B8AD2 /* hiSkip.png in Resources */,
				3CB977E5262FDA600084123C /* disconnect.png in Resources */,
				3C6336872602D688003B8AD2 /* hiAlertNew.png in Resources */,
				3C4C4DFC262FFB6B00C33143 /* cells.png in Resources */,
				3C4C4E092630026300C33143 /* cells_16.png in Resources */,
				3C4C4DFA262FFB6B00C33143 /* analytics2.png in Resources */,
				3C6336882602D688003B8AD2 /* hiGoodNew.png in Resources */,
				3C63368D2602D688003B8AD2 /* hiBad.png in Resources */,
				3CE3671725EF6DF300985C76 /* apple-icon-152x152.png in Resources */,
				3CE3671625EF6DF300985C76 /* apple-icon-180x180.png in Resources */,
				3C63368E2602D688003B8AD2 /* hiAlert.png in Resources */,
				3C4C4E03263001B100C33143 /* cells_32.png in Resources */,
				3C63368C2602D688003B8AD2 /* hiSleep.PNG in Resources */,
				C21993282B3EA3A6001C182A /* AAJSFiles.bundle in Resources */,
				3CBA33B825DF97F70087B92F /* LaunchScreen.storyboard in Resources */,
				3CB977E4262FDA600084123C /* connect.png in Resources */,
				3C4C4E0B2630026300C33143 /* analytics_16.png in Resources */,
				3C63367C2602D64B003B8AD2 /* hi01.png in Resources */,
				3C4C4E04263001B100C33143 /* analytics_32.png in Resources */,
				3CBA33B525DF97F70087B92F /* Assets.xcassets in Resources */,
				3C4C4E02263001B100C33143 /* analytics2_32.png in Resources */,
				3C63368B2602D688003B8AD2 /* hiGood.png in Resources */,
				3C4C4DFB262FFB6B00C33143 /* analytics.png in Resources */,
				3C4C4E0A2630026300C33143 /* analytics2_16.png in Resources */,
				3C63368A2602D688003B8AD2 /* hiErr.png in Resources */,
				3CBA33B325DF97F20087B92F /* Main.storyboard in Resources */,
				3C63368F2602D688003B8AD2 /* hiBadNew.png in Resources */,
			);
			runOnlyForDeploymentPostprocessing = 0;
		};
/* End PBXResourcesBuildPhase section */

/* Begin PBXSourcesBuildPhase section */
		3CBA33A425DF97F20087B92F /* Sources */ = {
			isa = PBXSourcesBuildPhase;
			buildActionMask = 2147483647;
			files = (
				C21993452B3EA3A6001C182A /* AAXAxis.swift in Sources */,
				C21993392B3EA3A6001C182A /* AAScrollablePlotArea.swift in Sources */,
				C21993232B3EA3A6001C182A /* AAChartModel.swift in Sources */,
				C21993312B3EA3A6001C182A /* AALabel.swift in Sources */,
				C21993412B3EA3A6001C182A /* AACredits.swift in Sources */,
				3CBA33B025DF97F20087B92F /* LoginVC.swift in Sources */,
				3CB977E0262FC2E10084123C /* ErrorCode_SiteVC.swift in Sources */,
				C21993302B3EA3A6001C182A /* AALang.swift in Sources */,
				C21993422B3EA3A6001C182A /* AATooltip.swift in Sources */,
				3CBA33AC25DF97F20087B92F /* AppDelegate.swift in Sources */,
				3C274A4A26316D42000B943C /* date_Picker.swift in Sources */,
				C21993362B3EA3A6001C182A /* AAPlotOptions.swift in Sources */,
				3CE79EFA2626CC8A00AA4A50 /* Chart_SiteVC.swift in Sources */,
				3C570EC2263314230046C420 /* inv_VC.swift in Sources */,
				3CBA33AE25DF97F20087B92F /* SceneDelegate.swift in Sources */,
				C21993252B3EA3A6001C182A /* AASerializable.swift in Sources */,
				C21993262B3EA3A6001C182A /* AASeriesElement.swift in Sources */,
				3C502C7A2601D8CE0013CF2D /* CollectionViewController_1.swift in Sources */,
				3CBFEBEB26311903008692A6 /* String_SiteVC.swift in Sources */,
				3CC6C5E82609DEB3008457F6 /* CollectionViewController_2.swift in Sources */,
				3C94A32D2632ACA700C8CA82 /* para_VC.swift in Sources */,
				C219933F2B3EA3A6001C182A /* AATitle.swift in Sources */,
				C219932F2B3EA3A6001C182A /* AABoxplot.swift in Sources */,
				C21993442B3EA3A6001C182A /* AASeries.swift in Sources */,
				C21993472B3EA3A6001C182A /* AAAxis.swift in Sources */,
				C21993332B3EA3A6001C182A /* AAColumn.swift in Sources */,
				C21993242B3EA3A6001C182A /* AAOptions.swift in Sources */,
				C219933C2B3EA3A6001C182A /* AAStyle.swift in Sources */,
				C219932B2B3EA3A6001C182A /* AAExtension.swift in Sources */,
				C219932A2B3EA3A6001C182A /* AAGradientColor.swift in Sources */,
				C21993292B3EA3A6001C182A /* AAColor.swift in Sources */,
				3C570EC526331A8A0046C420 /* inv_TableViewCell.swift in Sources */,
				C21993372B3EA3A6001C182A /* AAScatter.swift in Sources */,
				C21993402B3EA3A6001C182A /* AAYAxis.swift in Sources */,
				C21993352B3EA3A6001C182A /* AAAnimation.swift in Sources */,
				3C9D5BB325FB464E0088D26C /* mainTabVC.swift in Sources */,
				C219933D2B3EA3A6001C182A /* AADataLabels.swift in Sources */,
				C21993272B3EA3A6001C182A /* ProjectBundlePathLoader.swift in Sources */,
				3CC6C5EB2609E666008457F6 /* CollectionViewController_3.swift in Sources */,
				C21993432B3EA3A6001C182A /* AAPlotBandsElement.swift in Sources */,
				3C4C2DA926283E0400570B96 /* chartTabVC.swift in Sources */,
				C21993342B3EA3A6001C182A /* AAMarker.swift in Sources */,
				3C94A3302632B8C200C8CA82 /* para_TableViewCell.swift in Sources */,
				C21993222B3EA3A6001C182A /* AAChartView.swift in Sources */,
				C219933A2B3EA3A6001C182A /* AALegend.swift in Sources */,
				C21993462B3EA3A6001C182A /* AACrosshair.swift in Sources */,
				C219932C2B3EA3A6001C182A /* AASubtitle.swift in Sources */,
				C219933B2B3EA3A6001C182A /* AAPane.swift in Sources */,
				C219932D2B3EA3A6001C182A /* AAPie.swift in Sources */,
				C219933E2B3EA3A6001C182A /* AAChart.swift in Sources */,
				C21993382B3EA3A6001C182A /* AAPlotLinesElement.swift in Sources */,
				C21993322B3EA3A6001C182A /* AALabels.swift in Sources */,
				C219932E2B3EA3A6001C182A /* AAStates.swift in Sources */,
			);
			runOnlyForDeploymentPostprocessing = 0;
		};
/* End PBXSourcesBuildPhase section */

/* Begin PBXVariantGroup section */
		3CBA33B125DF97F20087B92F /* Main.storyboard */ = {
			isa = PBXVariantGroup;
			children = (
				3CBA33B225DF97F20087B92F /* Base */,
			);
			name = Main.storyboard;
			sourceTree = "<group>";
		};
		3CBA33B625DF97F70087B92F /* LaunchScreen.storyboard */ = {
			isa = PBXVariantGroup;
			children = (
				3CBA33B725DF97F70087B92F /* Base */,
			);
			name = LaunchScreen.storyboard;
			sourceTree = "<group>";
		};
/* End PBXVariantGroup section */

/* Begin XCBuildConfiguration section */
		3CBA33BA25DF97F70087B92F /* Debug */ = {
			isa = XCBuildConfiguration;
			buildSettings = {
				ALWAYS_SEARCH_USER_PATHS = NO;
				CLANG_ANALYZER_NONNULL = YES;
				CLANG_ANALYZER_NUMBER_OBJECT_CONVERSION = YES_AGGRESSIVE;
				CLANG_CXX_LANGUAGE_STANDARD = "gnu++14";
				CLANG_CXX_LIBRARY = "libc++";
				CLANG_ENABLE_MODULES = YES;
				CLANG_ENABLE_OBJC_ARC = YES;
				CLANG_ENABLE_OBJC_WEAK = YES;
				CLANG_WARN_BLOCK_CAPTURE_AUTORELEASING = YES;
				CLANG_WARN_BOOL_CONVERSION = YES;
				CLANG_WARN_COMMA = YES;
				CLANG_WARN_CONSTANT_CONVERSION = YES;
				CLANG_WARN_DEPRECATED_OBJC_IMPLEMENTATIONS = YES;
				CLANG_WARN_DIRECT_OBJC_ISA_USAGE = YES_ERROR;
				CLANG_WARN_DOCUMENTATION_COMMENTS = YES;
				CLANG_WARN_EMPTY_BODY = YES;
				CLANG_WARN_ENUM_CONVERSION = YES;
				CLANG_WARN_INFINITE_RECURSION = YES;
				CLANG_WARN_INT_CONVERSION = YES;
				CLANG_WARN_NON_LITERAL_NULL_CONVERSION = YES;
				CLANG_WARN_OBJC_IMPLICIT_RETAIN_SELF = YES;
				CLANG_WARN_OBJC_LITERAL_CONVERSION = YES;
				CLANG_WARN_OBJC_ROOT_CLASS = YES_ERROR;
				CLANG_WARN_QUOTED_INCLUDE_IN_FRAMEWORK_HEADER = YES;
				CLANG_WARN_RANGE_LOOP_ANALYSIS = YES;
				CLANG_WARN_STRICT_PROTOTYPES = YES;
				CLANG_WARN_SUSPICIOUS_MOVE = YES;
				CLANG_WARN_UNGUARDED_AVAILABILITY = YES_AGGRESSIVE;
				CLANG_WARN_UNREACHABLE_CODE = YES;
				CLANG_WARN__DUPLICATE_METHOD_MATCH = YES;
				COPY_PHASE_STRIP = NO;
				DEBUG_INFORMATION_FORMAT = dwarf;
				ENABLE_STRICT_OBJC_MSGSEND = YES;
				ENABLE_TESTABILITY = YES;
				ENABLE_USER_SCRIPT_SANDBOXING = YES;
				GCC_C_LANGUAGE_STANDARD = gnu11;
				GCC_DYNAMIC_NO_PIC = NO;
				GCC_NO_COMMON_BLOCKS = YES;
				GCC_OPTIMIZATION_LEVEL = 0;
				GCC_PREPROCESSOR_DEFINITIONS = (
					"DEBUG=1",
					"$(inherited)",
				);
				GCC_WARN_64_TO_32_BIT_CONVERSION = YES;
				GCC_WARN_ABOUT_RETURN_TYPE = YES_ERROR;
				GCC_WARN_UNDECLARED_SELECTOR = YES;
				GCC_WARN_UNINITIALIZED_AUTOS = YES_AGGRESSIVE;
				GCC_WARN_UNUSED_FUNCTION = YES;
				GCC_WARN_UNUSED_VARIABLE = YES;
				IPHONEOS_DEPLOYMENT_TARGET = 17.2;
				MTL_ENABLE_DEBUG_INFO = INCLUDE_SOURCE;
				MTL_FAST_MATH = YES;
				ONLY_ACTIVE_ARCH = YES;
				SDKROOT = iphoneos;
				SWIFT_ACTIVE_COMPILATION_CONDITIONS = DEBUG;
				SWIFT_OPTIMIZATION_LEVEL = "-Onone";
				TAPI_LANGUAGE = "objective-c";
			};
			name = Debug;
		};
		3CBA33BB25DF97F70087B92F /* Release */ = {
			isa = XCBuildConfiguration;
			buildSettings = {
				ALWAYS_SEARCH_USER_PATHS = NO;
				CLANG_ANALYZER_NONNULL = YES;
				CLANG_ANALYZER_NUMBER_OBJECT_CONVERSION = YES_AGGRESSIVE;
				CLANG_CXX_LANGUAGE_STANDARD = "gnu++14";
				CLANG_CXX_LIBRARY = "libc++";
				CLANG_ENABLE_MODULES = YES;
				CLANG_ENABLE_OBJC_ARC = YES;
				CLANG_ENABLE_OBJC_WEAK = YES;
				CLANG_WARN_BLOCK_CAPTURE_AUTORELEASING = YES;
				CLANG_WARN_BOOL_CONVERSION = YES;
				CLANG_WARN_COMMA = YES;
				CLANG_WARN_CONSTANT_CONVERSION = YES;
				CLANG_WARN_DEPRECATED_OBJC_IMPLEMENTATIONS = YES;
				CLANG_WARN_DIRECT_OBJC_ISA_USAGE = YES_ERROR;
				CLANG_WARN_DOCUMENTATION_COMMENTS = YES;
				CLANG_WARN_EMPTY_BODY = YES;
				CLANG_WARN_ENUM_CONVERSION = YES;
				CLANG_WARN_INFINITE_RECURSION = YES;
				CLANG_WARN_INT_CONVERSION = YES;
				CLANG_WARN_NON_LITERAL_NULL_CONVERSION = YES;
				CLANG_WARN_OBJC_IMPLICIT_RETAIN_SELF = YES;
				CLANG_WARN_OBJC_LITERAL_CONVERSION = YES;
				CLANG_WARN_OBJC_ROOT_CLASS = YES_ERROR;
				CLANG_WARN_QUOTED_INCLUDE_IN_FRAMEWORK_HEADER = YES;
				CLANG_WARN_RANGE_LOOP_ANALYSIS = YES;
				CLANG_WARN_STRICT_PROTOTYPES = YES;
				CLANG_WARN_SUSPICIOUS_MOVE = YES;
				CLANG_WARN_UNGUARDED_AVAILABILITY = YES_AGGRESSIVE;
				CLANG_WARN_UNREACHABLE_CODE = YES;
				CLANG_WARN__DUPLICATE_METHOD_MATCH = YES;
				COPY_PHASE_STRIP = NO;
				DEBUG_INFORMATION_FORMAT = "dwarf-with-dsym";
				ENABLE_NS_ASSERTIONS = NO;
				ENABLE_STRICT_OBJC_MSGSEND = YES;
				ENABLE_USER_SCRIPT_SANDBOXING = YES;
				GCC_C_LANGUAGE_STANDARD = gnu11;
				GCC_NO_COMMON_BLOCKS = YES;
				GCC_WARN_64_TO_32_BIT_CONVERSION = YES;
				GCC_WARN_ABOUT_RETURN_TYPE = YES_ERROR;
				GCC_WARN_UNDECLARED_SELECTOR = YES;
				GCC_WARN_UNINITIALIZED_AUTOS = YES_AGGRESSIVE;
				GCC_WARN_UNUSED_FUNCTION = YES;
				GCC_WARN_UNUSED_VARIABLE = YES;
				IPHONEOS_DEPLOYMENT_TARGET = 17.2;
				MTL_ENABLE_DEBUG_INFO = NO;
				MTL_FAST_MATH = YES;
				SDKROOT = iphoneos;
				SWIFT_COMPILATION_MODE = wholemodule;
				SWIFT_OPTIMIZATION_LEVEL = "-O";
				TAPI_LANGUAGE = "objective-c";
				VALIDATE_PRODUCT = YES;
			};
			name = Release;
		};
		3CBA33BD25DF97F70087B92F /* Debug */ = {
			isa = XCBuildConfiguration;
			buildSettings = {
				ASSETCATALOG_COMPILER_APPICON_NAME = AppIcon;
				ASSETCATALOG_COMPILER_GLOBAL_ACCENT_COLOR_NAME = AccentColor;
				CODE_SIGN_STYLE = Automatic;
				CURRENT_PROJECT_VERSION = 7;
				DEVELOPMENT_TEAM = 5Y63KT6R9V;
				INFOPLIST_FILE = "i-Inverter/Info.plist";
				LD_RUNPATH_SEARCH_PATHS = (
					"$(inherited)",
					"@executable_path/Frameworks",
				);
				MACOSX_DEPLOYMENT_TARGET = 14.2;
				MARKETING_VERSION = 1.6;
				PRODUCT_BUNDLE_IDENTIFIER = tw.com.motech.iInverter;
				PRODUCT_NAME = "$(TARGET_NAME)";
				SWIFT_VERSION = 5.0;
				TARGETED_DEVICE_FAMILY = "1,2";
			};
			name = Debug;
		};
		3CBA33BE25DF97F70087B92F /* Release */ = {
			isa = XCBuildConfiguration;
			buildSettings = {
				ASSETCATALOG_COMPILER_APPICON_NAME = AppIcon;
				ASSETCATALOG_COMPILER_GLOBAL_ACCENT_COLOR_NAME = AccentColor;
				CODE_SIGN_STYLE = Automatic;
				CURRENT_PROJECT_VERSION = 7;
				DEVELOPMENT_TEAM = 5Y63KT6R9V;
				INFOPLIST_FILE = "i-Inverter/Info.plist";
				LD_RUNPATH_SEARCH_PATHS = (
					"$(inherited)",
					"@executable_path/Frameworks",
				);
				MACOSX_DEPLOYMENT_TARGET = 14.2;
				MARKETING_VERSION = 1.6;
				PRODUCT_BUNDLE_IDENTIFIER = tw.com.motech.iInverter;
				PRODUCT_NAME = "$(TARGET_NAME)";
				SWIFT_VERSION = 5.0;
				TARGETED_DEVICE_FAMILY = "1,2";
			};
			name = Release;
		};
/* End XCBuildConfiguration section */

/* Begin XCConfigurationList section */
		3CBA33A325DF97F20087B92F /* Build configuration list for PBXProject "i-Inverter" */ = {
			isa = XCConfigurationList;
			buildConfigurations = (
				3CBA33BA25DF97F70087B92F /* Debug */,
				3CBA33BB25DF97F70087B92F /* Release */,
			);
			defaultConfigurationIsVisible = 0;
			defaultConfigurationName = Release;
		};
		3CBA33BC25DF97F70087B92F /* Build configuration list for PBXNativeTarget "i-Inverter" */ = {
			isa = XCConfigurationList;
			buildConfigurations = (
				3CBA33BD25DF97F70087B92F /* Debug */,
				3CBA33BE25DF97F70087B92F /* Release */,
			);
			defaultConfigurationIsVisible = 0;
			defaultConfigurationName = Release;
		};
/* End XCConfigurationList section */
	};
	rootObject = 3CBA33A025DF97F20087B92F /* Project object */;
}
